
Microsoft Visual Studio Solution File, Format Version 12.00
# Visual Studio Version 17
VisualStudioVersion = 17.9.34701.34
MinimumVisualStudioVersion = 10.0.40219.1
Project("{9A19103F-16F7-4668-BE54-9A1E7A4F7556}") = "Krg.Web", "Krg.Web\Krg.Web.csproj", "{ED9F2526-2DB9-4FFC-994F-9FAA570FD5F2}"
EndProject
Project("{9A19103F-16F7-4668-BE54-9A1E7A4F7556}") = "Krg.Database", "Krg.Database\Krg.Database.csproj", "{52D671A2-9BAE-4186-8568-657A6A5D75B5}"
EndProject
Project("{FAE04EC0-301F-11D3-BF4B-00C04F79EFBC}") = "Krg.Services", "Krg.Services\Krg.Services.csproj", "{5074D908-E53A-4BD8-BC3A-757E3A09F942}"
EndProject
Project("{FAE04EC0-301F-11D3-BF4B-00C04F79EFBC}") = "Krg.Domain", "Krg.Domain\Krg.Domain.csproj", "{181F92E3-3B1E-4F75-85FC-36804F1A42B5}"
EndProject
Global
	GlobalSection(SolutionConfigurationPlatforms) = preSolution
		Debug|Any CPU = Debug|Any CPU
		Release|Any CPU = Release|Any CPU
	EndGlobalSection
	GlobalSection(ProjectConfigurationPlatforms) = postSolution
		{ED9F2526-2DB9-4FFC-994F-9FAA570FD5F2}.Debug|Any CPU.ActiveCfg = Debug|Any CPU
		{ED9F2526-2DB9-4FFC-994F-9FAA570FD5F2}.Debug|Any CPU.Build.0 = Debug|Any CPU
		{ED9F2526-2DB9-4FFC-994F-9FAA570FD5F2}.Release|Any CPU.ActiveCfg = Release|Any CPU
		{ED9F2526-2DB9-4FFC-994F-9FAA570FD5F2}.Release|Any CPU.Build.0 = Release|Any CPU
		{52D671A2-9BAE-4186-8568-657A6A5D75B5}.Debug|Any CPU.ActiveCfg = Debug|Any CPU
		{52D671A2-9BAE-4186-8568-657A6A5D75B5}.Debug|Any CPU.Build.0 = Debug|Any CPU
		{52D671A2-9BAE-4186-8568-657A6A5D75B5}.Release|Any CPU.ActiveCfg = Release|Any CPU
		{52D671A2-9BAE-4186-8568-657A6A5D75B5}.Release|Any CPU.Build.0 = Release|Any CPU
		{5074D908-E53A-4BD8-BC3A-757E3A09F942}.Debug|Any CPU.ActiveCfg = Debug|Any CPU
		{5074D908-E53A-4BD8-BC3A-757E3A09F942}.Debug|Any CPU.Build.0 = Debug|Any CPU
		{5074D908-E53A-4BD8-BC3A-757E3A09F942}.Release|Any CPU.ActiveCfg = Release|Any CPU
		{5074D908-E53A-4BD8-BC3A-757E3A09F942}.Release|Any CPU.Build.0 = Release|Any CPU
		{181F92E3-3B1E-4F75-85FC-36804F1A42B5}.Debug|Any CPU.ActiveCfg = Debug|Any CPU
		{181F92E3-3B1E-4F75-85FC-36804F1A42B5}.Debug|Any CPU.Build.0 = Debug|Any CPU
		{181F92E3-3B1E-4F75-85FC-36804F1A42B5}.Release|Any CPU.ActiveCfg = Release|Any CPU
		{181F92E3-3B1E-4F75-85FC-36804F1A42B5}.Release|Any CPU.Build.0 = Release|Any CPU
	EndGlobalSection
	GlobalSection(SolutionProperties) = preSolution
		HideSolutionNode = FALSE
	EndGlobalSection
	GlobalSection(ExtensibilityGlobals) = postSolution
		SolutionGuid = {5E0328D6-1F08-4BD0-BAA4-E3036C90AAFE}
	EndGlobalSection
EndGlobal
