
Microsoft Visual Studio Solution File, Format Version 12.00
# Visual Studio Version 17
VisualStudioVersion = 17.9.34701.34
MinimumVisualStudioVersion = 10.0.40219.1
Project("{9A19103F-16F7-4668-BE54-9A1E7A4F7556}") = "Krg.Web", "Krg.Web\Krg.Web.csproj", "{ED9F2526-2DB9-4FFC-994F-9FAA570FD5F2}"
EndProject
Project("{9A19103F-16F7-4668-BE54-9A1E7A4F7556}") = "Krg.Database", "Krg.Database\Krg.Database.csproj", "{52D671A2-9BAE-4186-8568-657A6A5D75B5}"
EndProject
Project("{9A19103F-16F7-4668-BE54-9A1E7A4F7556}") = "Krg.Services", "Krg.Services\Krg.Services.csproj", "{5074D908-E53A-4BD8-BC3A-757E3A09F942}"
EndProject
Project("{9A19103F-16F7-4668-BE54-9A1E7A4F7556}") = "Krg.Domain", "Krg.Domain\Krg.Domain.csproj", "{181F92E3-3B1E-4F75-85FC-36804F1A42B5}"
EndProject
Project("{9A19103F-16F7-4668-BE54-9A1E7A4F7556}") = "Krg.Services.Tests", "Krg.Services.Tests\Krg.Services.Tests.csproj", "{F57C1A4C-FDC3-4D75-BDAE-BB6FF791A940}"
EndProject
Project("{9A19103F-16F7-4668-BE54-9A1E7A4F7556}") = "Krg.Domain.Tests", "Krg.Domain.Tests\Krg.Domain.Tests.csproj", "{557B5837-9455-4DE8-ABE2-7D1DC5849949}"
EndProject
Project("{FAE04EC0-301F-11D3-BF4B-00C04F79EFBC}") = "Krg.Web.Tests", "Krg.Web.Tests\Krg.Web.Tests.csproj", "{32488FE5-B86F-412B-A15A-F4C9F15B859F}"
EndProject
Project("{FAE04EC0-301F-11D3-BF4B-00C04F79EFBC}") = "Krg.Website", "Krg.Website\Krg.Website.csproj", "{9C0288D7-E361-419E-8CFD-C1D97F5BFC4B}"
EndProject
Global
	GlobalSection(SolutionConfigurationPlatforms) = preSolution
		Debug|Any CPU = Debug|Any CPU
		Release|Any CPU = Release|Any CPU
	EndGlobalSection
	GlobalSection(ProjectConfigurationPlatforms) = postSolution
		{ED9F2526-2DB9-4FFC-994F-9FAA570FD5F2}.Debug|Any CPU.ActiveCfg = Debug|Any CPU
		{ED9F2526-2DB9-4FFC-994F-9FAA570FD5F2}.Debug|Any CPU.Build.0 = Debug|Any CPU
		{ED9F2526-2DB9-4FFC-994F-9FAA570FD5F2}.Release|Any CPU.ActiveCfg = Release|Any CPU
		{ED9F2526-2DB9-4FFC-994F-9FAA570FD5F2}.Release|Any CPU.Build.0 = Release|Any CPU
		{52D671A2-9BAE-4186-8568-657A6A5D75B5}.Debug|Any CPU.ActiveCfg = Debug|Any CPU
		{52D671A2-9BAE-4186-8568-657A6A5D75B5}.Debug|Any CPU.Build.0 = Debug|Any CPU
		{52D671A2-9BAE-4186-8568-657A6A5D75B5}.Release|Any CPU.ActiveCfg = Release|Any CPU
		{52D671A2-9BAE-4186-8568-657A6A5D75B5}.Release|Any CPU.Build.0 = Release|Any CPU
		{5074D908-E53A-4BD8-BC3A-757E3A09F942}.Debug|Any CPU.ActiveCfg = Debug|Any CPU
		{5074D908-E53A-4BD8-BC3A-757E3A09F942}.Debug|Any CPU.Build.0 = Debug|Any CPU
		{5074D908-E53A-4BD8-BC3A-757E3A09F942}.Release|Any CPU.ActiveCfg = Release|Any CPU
		{5074D908-E53A-4BD8-BC3A-757E3A09F942}.Release|Any CPU.Build.0 = Release|Any CPU
		{181F92E3-3B1E-4F75-85FC-36804F1A42B5}.Debug|Any CPU.ActiveCfg = Debug|Any CPU
		{181F92E3-3B1E-4F75-85FC-36804F1A42B5}.Debug|Any CPU.Build.0 = Debug|Any CPU
		{181F92E3-3B1E-4F75-85FC-36804F1A42B5}.Release|Any CPU.ActiveCfg = Release|Any CPU
		{181F92E3-3B1E-4F75-85FC-36804F1A42B5}.Release|Any CPU.Build.0 = Release|Any CPU
		{F57C1A4C-FDC3-4D75-BDAE-BB6FF791A940}.Debug|Any CPU.ActiveCfg = Debug|Any CPU
		{F57C1A4C-FDC3-4D75-BDAE-BB6FF791A940}.Debug|Any CPU.Build.0 = Debug|Any CPU
		{F57C1A4C-FDC3-4D75-BDAE-BB6FF791A940}.Release|Any CPU.ActiveCfg = Release|Any CPU
		{F57C1A4C-FDC3-4D75-BDAE-BB6FF791A940}.Release|Any CPU.Build.0 = Release|Any CPU
		{557B5837-9455-4DE8-ABE2-7D1DC5849949}.Debug|Any CPU.ActiveCfg = Debug|Any CPU
		{557B5837-9455-4DE8-ABE2-7D1DC5849949}.Debug|Any CPU.Build.0 = Debug|Any CPU
		{557B5837-9455-4DE8-ABE2-7D1DC5849949}.Release|Any CPU.ActiveCfg = Release|Any CPU
		{557B5837-9455-4DE8-ABE2-7D1DC5849949}.Release|Any CPU.Build.0 = Release|Any CPU
		{32488FE5-B86F-412B-A15A-F4C9F15B859F}.Debug|Any CPU.ActiveCfg = Debug|Any CPU
		{32488FE5-B86F-412B-A15A-F4C9F15B859F}.Debug|Any CPU.Build.0 = Debug|Any CPU
		{32488FE5-B86F-412B-A15A-F4C9F15B859F}.Release|Any CPU.ActiveCfg = Release|Any CPU
		{32488FE5-B86F-412B-A15A-F4C9F15B859F}.Release|Any CPU.Build.0 = Release|Any CPU
		{9C0288D7-E361-419E-8CFD-C1D97F5BFC4B}.Debug|Any CPU.ActiveCfg = Debug|Any CPU
		{9C0288D7-E361-419E-8CFD-C1D97F5BFC4B}.Debug|Any CPU.Build.0 = Debug|Any CPU
		{9C0288D7-E361-419E-8CFD-C1D97F5BFC4B}.Release|Any CPU.ActiveCfg = Release|Any CPU
		{9C0288D7-E361-419E-8CFD-C1D97F5BFC4B}.Release|Any CPU.Build.0 = Release|Any CPU
	EndGlobalSection
	GlobalSection(SolutionProperties) = preSolution
		HideSolutionNode = FALSE
	EndGlobalSection
	GlobalSection(ExtensibilityGlobals) = postSolution
		SolutionGuid = {5E0328D6-1F08-4BD0-BAA4-E3036C90AAFE}
	EndGlobalSection
EndGlobal
